{
    "version": 3,
    "terraform_version": "0.10.6",
    "serial": 18,
    "lineage": "ac03d14f-e93e-43d0-9835-faab1f742922",
    "modules": [
        {
            "path": [
                "root"
            ],
            "outputs": {
                "bucket_domain_name": {
                    "sensitive": false,
                    "type": "string",
                    "value": "tf333-rubrik-bucket.s3.amazonaws.com"
                }
            },
            "resources": {
                "aws_s3_bucket.tf333-rubrik-bucket": {
                    "type": "aws_s3_bucket",
                    "depends_on": [
                        "aws_s3_bucket.tf333-rubrik-log-bucket"
                    ],
                    "primary": {
                        "id": "tf333-rubrik-bucket",
                        "attributes": {
                            "acceleration_status": "",
                            "acl": "private",
                            "arn": "arn:aws:s3:::tf333-rubrik-bucket",
                            "bucket": "tf333-rubrik-bucket",
                            "bucket_domain_name": "tf333-rubrik-bucket.s3.amazonaws.com",
                            "force_destroy": "true",
                            "hosted_zone_id": "Z3BJ6K6RIION7M",
                            "id": "tf333-rubrik-bucket",
                            "lifecycle_rule.#": "1",
                            "lifecycle_rule.0.abort_incomplete_multipart_upload_days": "0",
                            "lifecycle_rule.0.enabled": "true",
                            "lifecycle_rule.0.expiration.#": "1",
                            "lifecycle_rule.0.expiration.793296368.date": "",
                            "lifecycle_rule.0.expiration.793296368.days": "60",
                            "lifecycle_rule.0.expiration.793296368.expired_object_delete_marker": "false",
                            "lifecycle_rule.0.id": "oldfiles",
                            "lifecycle_rule.0.noncurrent_version_expiration.#": "0",
                            "lifecycle_rule.0.noncurrent_version_transition.#": "0",
                            "lifecycle_rule.0.prefix": "",
                            "lifecycle_rule.0.tags.%": "0",
                            "lifecycle_rule.0.transition.#": "0",
                            "logging.#": "1",
                            "logging.2505749663.target_bucket": "tf333-rubrik-log-bucket",
                            "logging.2505749663.target_prefix": "log",
                            "region": "us-west-2",
                            "request_payer": "BucketOwner",
                            "tags.%": "0",
                            "versioning.#": "1",
                            "versioning.0.enabled": "false",
                            "versioning.0.mfa_delete": "false",
                            "website.#": "0"
                        },
                        "meta": {},
                        "tainted": false
                    },
                    "deposed": [],
                    "provider": ""
                },
                "aws_s3_bucket.tf333-rubrik-log-bucket": {
                    "type": "aws_s3_bucket",
                    "depends_on": [],
                    "primary": {
                        "id": "tf333-rubrik-log-bucket",
                        "attributes": {
                            "acceleration_status": "",
                            "acl": "log-delivery-write",
                            "arn": "arn:aws:s3:::tf333-rubrik-log-bucket",
                            "bucket": "tf333-rubrik-log-bucket",
                            "bucket_domain_name": "tf333-rubrik-log-bucket.s3.amazonaws.com",
                            "force_destroy": "true",
                            "hosted_zone_id": "Z3BJ6K6RIION7M",
                            "id": "tf333-rubrik-log-bucket",
                            "logging.#": "0",
                            "region": "us-west-2",
                            "request_payer": "BucketOwner",
                            "tags.%": "0",
                            "versioning.#": "1",
                            "versioning.0.enabled": "false",
                            "versioning.0.mfa_delete": "false",
                            "website.#": "0"
                        },
                        "meta": {},
                        "tainted": false
                    },
                    "deposed": [],
                    "provider": ""
                },
                "aws_s3_bucket_notification.bucket_notification": {
                    "type": "aws_s3_bucket_notification",
                    "depends_on": [
                        "aws_s3_bucket.tf333-rubrik-bucket",
                        "aws_sns_topic.topic"
                    ],
                    "primary": {
                        "id": "tf333-rubrik-bucket",
                        "attributes": {
                            "bucket": "tf333-rubrik-bucket",
                            "id": "tf333-rubrik-bucket",
                            "lambda_function.#": "0",
                            "queue.#": "0",
                            "topic.#": "1",
                            "topic.0.events.#": "1",
                            "topic.0.events.3356830603": "s3:ObjectCreated:*",
                            "topic.0.filter_prefix": "",
                            "topic.0.filter_suffix": "",
                            "topic.0.id": "tf-s3-topic-20170928163450569200000001",
                            "topic.0.topic_arn": "arn:aws:sns:us-west-2:171061125909:tf-s3-event-notification-topic"
                        },
                        "meta": {},
                        "tainted": false
                    },
                    "deposed": [],
                    "provider": ""
                },
                "aws_sns_topic.topic": {
                    "type": "aws_sns_topic",
                    "depends_on": [
                        "aws_s3_bucket.tf333-rubrik-bucket"
                    ],
                    "primary": {
                        "id": "arn:aws:sns:us-west-2:171061125909:tf-s3-event-notification-topic",
                        "attributes": {
                            "arn": "arn:aws:sns:us-west-2:171061125909:tf-s3-event-notification-topic",
                            "id": "arn:aws:sns:us-west-2:171061125909:tf-s3-event-notification-topic",
                            "name": "tf-s3-event-notification-topic",
                            "policy": "{\"Statement\":[{\"Action\":\"SNS:Publish\",\"Condition\":{\"ArnLike\":{\"aws:SourceArn\":\"arn:aws:s3:::tf333-rubrik-bucket\"}},\"Effect\":\"Allow\",\"Principal\":{\"AWS\":\"*\"},\"Resource\":\"arn:aws:sns:*:*:tf-s3-event-notification-topic\"}],\"Version\":\"2012-10-17\"}"
                        },
                        "meta": {},
                        "tainted": false
                    },
                    "deposed": [],
                    "provider": ""
                }
            },
            "depends_on": []
        }
    ]
}
